// !$*UTF8*$!
{
	archiveVersion = 1;
	classes = {
	};
	objectVersion = 46;
	objects = {

/* Begin PBXBuildFile section */
		CF79F61C1B022D3E00887121 /* CPMDpkgPackageManager.h in Headers */ = {isa = PBXBuildFile; fileRef = CF79F61A1B022D3E00887121 /* CPMDpkgPackageManager.h */; };
		CF79F61D1B022D3E00887121 /* CPMDpkgPackageManager.m in Sources */ = {isa = PBXBuildFile; fileRef = CF79F61B1B022D3E00887121 /* CPMDpkgPackageManager.m */; };
		CF79F6201B022F5100887121 /* CPMHomebrewPackageManager.h in Headers */ = {isa = PBXBuildFile; fileRef = CF79F61E1B022F5100887121 /* CPMHomebrewPackageManager.h */; settings = {ATTRIBUTES = (Public, ); }; };
		CF79F6211B022F5100887121 /* CPMHomebrewPackageManager.m in Sources */ = {isa = PBXBuildFile; fileRef = CF79F61F1B022F5100887121 /* CPMHomebrewPackageManager.m */; };
		CF80DF041B0A247900725929 /* libFMDB.a in Frameworks */ = {isa = PBXBuildFile; fileRef = CF80DEF61B0A234900725929 /* libFMDB.a */; };
		CF80DF051B0A2B9000725929 /* CPMPackageManager.h in Headers */ = {isa = PBXBuildFile; fileRef = CFE87DEF1AF7C12A00DAE13F /* CPMPackageManager.h */; settings = {ATTRIBUTES = (Public, ); }; };
		CFE87DF21AF7C29400DAE13F /* CPMPackage.h in Headers */ = {isa = PBXBuildFile; fileRef = CFE87DF01AF7C29400DAE13F /* CPMPackage.h */; settings = {ATTRIBUTES = (Public, ); }; };
		FAE350A01ABD9B8300A8365B /* liblzma.dylib in Frameworks */ = {isa = PBXBuildFile; fileRef = FAE04B941AA8B9240033DEEA /* liblzma.dylib */; };
		FAE350A11ABD9B8500A8365B /* libz.dylib in Frameworks */ = {isa = PBXBuildFile; fileRef = FAE04B921AA8B91A0033DEEA /* libz.dylib */; };
		FAE350A21ABD9B8600A8365B /* libbz2.dylib in Frameworks */ = {isa = PBXBuildFile; fileRef = FAE04B901AA8B90F0033DEEA /* libbz2.dylib */; };
		FAE350A31ABD9B8800A8365B /* libiconv.dylib in Frameworks */ = {isa = PBXBuildFile; fileRef = FAE04B8E1AA8B74D0033DEEA /* libiconv.dylib */; };
		FAE350A41ABD9B8A00A8365B /* libarchive.3.a in Frameworks */ = {isa = PBXBuildFile; fileRef = FAE04B8B1AA8B2850033DEEA /* libarchive.3.a */; };
		FAE350A51ABD9B8C00A8365B /* libsqlite3.dylib in Frameworks */ = {isa = PBXBuildFile; fileRef = FAE04B841AA632660033DEEA /* libsqlite3.dylib */; };
		FAE350AC1ABD9BC400A8365B /* libcpm.dylib in Frameworks */ = {isa = PBXBuildFile; fileRef = FAE350851ABD9B6D00A8365B /* libcpm.dylib */; };
		FAE350FD1ABE795E00A8365B /* main.m in Sources */ = {isa = PBXBuildFile; fileRef = FAE350FC1ABE795E00A8365B /* main.m */; };
		FAE351081ABE7A1B00A8365B /* CPMCurler.h in Headers */ = {isa = PBXBuildFile; fileRef = FAE350FE1ABE7A1B00A8365B /* CPMCurler.h */; };
		FAE351091ABE7A1B00A8365B /* CPMCurler.m in Sources */ = {isa = PBXBuildFile; fileRef = FAE350FF1ABE7A1B00A8365B /* CPMCurler.m */; };
		FAE3510A1ABE7A1B00A8365B /* CPMDpkgRepositoryAggregate.h in Headers */ = {isa = PBXBuildFile; fileRef = FAE351001ABE7A1B00A8365B /* CPMDpkgRepositoryAggregate.h */; };
		FAE3510B1ABE7A1B00A8365B /* CPMDpkgRepositoryAggregate.m in Sources */ = {isa = PBXBuildFile; fileRef = FAE351011ABE7A1B00A8365B /* CPMDpkgRepositoryAggregate.m */; };
		FAE3510C1ABE7A1B00A8365B /* CPMRepository.h in Headers */ = {isa = PBXBuildFile; fileRef = FAE351021ABE7A1B00A8365B /* CPMRepository.h */; settings = {ATTRIBUTES = (Public, ); }; };
		FAE3510D1ABE7A1B00A8365B /* CPMRepository.m in Sources */ = {isa = PBXBuildFile; fileRef = FAE351031ABE7A1B00A8365B /* CPMRepository.m */; };
		FAE3510E1ABE7A1B00A8365B /* decompress.h in Headers */ = {isa = PBXBuildFile; fileRef = FAE351041ABE7A1B00A8365B /* decompress.h */; };
		FAE3510F1ABE7A1B00A8365B /* decompress.m in Sources */ = {isa = PBXBuildFile; fileRef = FAE351051ABE7A1B00A8365B /* decompress.m */; };
		FAE351101ABE7A1B00A8365B /* dictionarize.h in Headers */ = {isa = PBXBuildFile; fileRef = FAE351061ABE7A1B00A8365B /* dictionarize.h */; };
		FAE351111ABE7A1B00A8365B /* dictionarize.m in Sources */ = {isa = PBXBuildFile; fileRef = FAE351071ABE7A1B00A8365B /* dictionarize.m */; };
		FAE351261ABE7BC100A8365B /* CPDefines.h in Headers */ = {isa = PBXBuildFile; fileRef = FAE351251ABE7BC100A8365B /* CPDefines.h */; };
/* End PBXBuildFile section */

/* Begin PBXContainerItemProxy section */
		CF80DEF31B0A234900725929 /* PBXContainerItemProxy */ = {
			isa = PBXContainerItemProxy;
			containerPortal = FAE351121ABE7A2600A8365B /* fmdb.xcodeproj */;
			proxyType = 2;
			remoteGlobalIDString = 8DD76FA10486AA7600D96B5E;
			remoteInfo = fmdb;
		};
		CF80DEF51B0A234900725929 /* PBXContainerItemProxy */ = {
			isa = PBXContainerItemProxy;
			containerPortal = FAE351121ABE7A2600A8365B /* fmdb.xcodeproj */;
			proxyType = 2;
			remoteGlobalIDString = EE4290EF12B42F870088BD94;
			remoteInfo = FMDB;
		};
		CF80DEF71B0A234900725929 /* PBXContainerItemProxy */ = {
			isa = PBXContainerItemProxy;
			containerPortal = FAE351121ABE7A2600A8365B /* fmdb.xcodeproj */;
			proxyType = 2;
			remoteGlobalIDString = BF5D041618416BB2008C5AA9;
			remoteInfo = Tests;
		};
		CF80DEF91B0A234900725929 /* PBXContainerItemProxy */ = {
			isa = PBXContainerItemProxy;
			containerPortal = FAE351121ABE7A2600A8365B /* fmdb.xcodeproj */;
			proxyType = 2;
			remoteGlobalIDString = 6290CBB5188FE836009790F8;
			remoteInfo = "FMDB-IOS";
		};
		FAE350AD1ABD9C2200A8365B /* PBXContainerItemProxy */ = {
			isa = PBXContainerItemProxy;
			containerPortal = FAE04B541AA56A870033DEEA /* Project object */;
			proxyType = 1;
			remoteGlobalIDString = FAE350841ABD9B6D00A8365B;
			remoteInfo = libcpm;
		};
/* End PBXContainerItemProxy section */

/* Begin PBXCopyFilesBuildPhase section */
		FAE04B5A1AA56A870033DEEA /* CopyFiles */ = {
			isa = PBXCopyFilesBuildPhase;
			buildActionMask = 2147483647;
			dstPath = /usr/share/man/man1/;
			dstSubfolderSpec = 0;
			files = (
			);
			runOnlyForDeploymentPostprocessing = 1;
		};
/* End PBXCopyFilesBuildPhase section */

/* Begin PBXFileReference section */
		CF79F61A1B022D3E00887121 /* CPMDpkgPackageManager.h */ = {isa = PBXFileReference; fileEncoding = 4; lastKnownFileType = sourcecode.c.h; name = CPMDpkgPackageManager.h; path = cpm/src/CPMDpkgPackageManager.h; sourceTree = SOURCE_ROOT; };
		CF79F61B1B022D3E00887121 /* CPMDpkgPackageManager.m */ = {isa = PBXFileReference; fileEncoding = 4; lastKnownFileType = sourcecode.c.objc; name = CPMDpkgPackageManager.m; path = cpm/src/CPMDpkgPackageManager.m; sourceTree = SOURCE_ROOT; };
		CF79F61E1B022F5100887121 /* CPMHomebrewPackageManager.h */ = {isa = PBXFileReference; fileEncoding = 4; lastKnownFileType = sourcecode.c.h; name = CPMHomebrewPackageManager.h; path = cpm/src/CPMHomebrewPackageManager.h; sourceTree = SOURCE_ROOT; };
		CF79F61F1B022F5100887121 /* CPMHomebrewPackageManager.m */ = {isa = PBXFileReference; fileEncoding = 4; lastKnownFileType = sourcecode.c.objc; name = CPMHomebrewPackageManager.m; path = cpm/src/CPMHomebrewPackageManager.m; sourceTree = SOURCE_ROOT; };
		CFE87DEF1AF7C12A00DAE13F /* CPMPackageManager.h */ = {isa = PBXFileReference; lastKnownFileType = sourcecode.c.h; name = CPMPackageManager.h; path = cpm/src/CPMPackageManager.h; sourceTree = SOURCE_ROOT; };
		CFE87DF01AF7C29400DAE13F /* CPMPackage.h */ = {isa = PBXFileReference; fileEncoding = 4; lastKnownFileType = sourcecode.c.h; name = CPMPackage.h; path = cpm/src/CPMPackage.h; sourceTree = SOURCE_ROOT; };
		FAE04B5C1AA56A870033DEEA /* cpm */ = {isa = PBXFileReference; explicitFileType = "compiled.mach-o.executable"; includeInIndex = 0; path = cpm; sourceTree = BUILT_PRODUCTS_DIR; };
		FAE04B841AA632660033DEEA /* libsqlite3.dylib */ = {isa = PBXFileReference; lastKnownFileType = "compiled.mach-o.dylib"; name = libsqlite3.dylib; path = usr/lib/libsqlite3.dylib; sourceTree = SDKROOT; };
		FAE04B8B1AA8B2850033DEEA /* libarchive.3.a */ = {isa = PBXFileReference; lastKnownFileType = archive.ar; name = libarchive.3.a; path = cpm/external/libarchive/libarchive.3.a; sourceTree = "<group>"; };
		FAE04B8E1AA8B74D0033DEEA /* libiconv.dylib */ = {isa = PBXFileReference; lastKnownFileType = "compiled.mach-o.dylib"; name = libiconv.dylib; path = usr/lib/libiconv.dylib; sourceTree = SDKROOT; };
		FAE04B901AA8B90F0033DEEA /* libbz2.dylib */ = {isa = PBXFileReference; lastKnownFileType = "compiled.mach-o.dylib"; name = libbz2.dylib; path = usr/lib/libbz2.dylib; sourceTree = SDKROOT; };
		FAE04B921AA8B91A0033DEEA /* libz.dylib */ = {isa = PBXFileReference; lastKnownFileType = "compiled.mach-o.dylib"; name = libz.dylib; path = usr/lib/libz.dylib; sourceTree = SDKROOT; };
		FAE04B941AA8B9240033DEEA /* liblzma.dylib */ = {isa = PBXFileReference; lastKnownFileType = "compiled.mach-o.dylib"; name = liblzma.dylib; path = usr/lib/liblzma.dylib; sourceTree = SDKROOT; };
		FAE350851ABD9B6D00A8365B /* libcpm.dylib */ = {isa = PBXFileReference; explicitFileType = "compiled.mach-o.dylib"; includeInIndex = 0; path = libcpm.dylib; sourceTree = BUILT_PRODUCTS_DIR; };
		FAE350FC1ABE795E00A8365B /* main.m */ = {isa = PBXFileReference; fileEncoding = 4; lastKnownFileType = sourcecode.c.objc; path = main.m; sourceTree = "<group>"; };
		FAE350FE1ABE7A1B00A8365B /* CPMCurler.h */ = {isa = PBXFileReference; fileEncoding = 4; lastKnownFileType = sourcecode.c.h; name = CPMCurler.h; path = cpm/src/CPMCurler.h; sourceTree = SOURCE_ROOT; };
		FAE350FF1ABE7A1B00A8365B /* CPMCurler.m */ = {isa = PBXFileReference; fileEncoding = 4; lastKnownFileType = sourcecode.c.objc; name = CPMCurler.m; path = cpm/src/CPMCurler.m; sourceTree = SOURCE_ROOT; };
		FAE351001ABE7A1B00A8365B /* CPMDpkgRepositoryAggregate.h */ = {isa = PBXFileReference; fileEncoding = 4; lastKnownFileType = sourcecode.c.h; name = CPMDpkgRepositoryAggregate.h; path = cpm/src/CPMDpkgRepositoryAggregate.h; sourceTree = SOURCE_ROOT; };
		FAE351011ABE7A1B00A8365B /* CPMDpkgRepositoryAggregate.m */ = {isa = PBXFileReference; fileEncoding = 4; lastKnownFileType = sourcecode.c.objc; name = CPMDpkgRepositoryAggregate.m; path = cpm/src/CPMDpkgRepositoryAggregate.m; sourceTree = SOURCE_ROOT; };
		FAE351021ABE7A1B00A8365B /* CPMRepository.h */ = {isa = PBXFileReference; fileEncoding = 4; lastKnownFileType = sourcecode.c.h; name = CPMRepository.h; path = cpm/src/CPMRepository.h; sourceTree = SOURCE_ROOT; };
		FAE351031ABE7A1B00A8365B /* CPMRepository.m */ = {isa = PBXFileReference; fileEncoding = 4; lastKnownFileType = sourcecode.c.objc; name = CPMRepository.m; path = cpm/src/CPMRepository.m; sourceTree = SOURCE_ROOT; };
		FAE351041ABE7A1B00A8365B /* decompress.h */ = {isa = PBXFileReference; fileEncoding = 4; lastKnownFileType = sourcecode.c.h; name = decompress.h; path = cpm/src/decompress.h; sourceTree = SOURCE_ROOT; };
		FAE351051ABE7A1B00A8365B /* decompress.m */ = {isa = PBXFileReference; fileEncoding = 4; lastKnownFileType = sourcecode.c.objc; name = decompress.m; path = cpm/src/decompress.m; sourceTree = SOURCE_ROOT; };
		FAE351061ABE7A1B00A8365B /* dictionarize.h */ = {isa = PBXFileReference; fileEncoding = 4; lastKnownFileType = sourcecode.c.h; name = dictionarize.h; path = cpm/src/dictionarize.h; sourceTree = SOURCE_ROOT; };
		FAE351071ABE7A1B00A8365B /* dictionarize.m */ = {isa = PBXFileReference; fileEncoding = 4; lastKnownFileType = sourcecode.c.objc; name = dictionarize.m; path = cpm/src/dictionarize.m; sourceTree = SOURCE_ROOT; };
		FAE351121ABE7A2600A8365B /* fmdb.xcodeproj */ = {isa = PBXFileReference; lastKnownFileType = "wrapper.pb-project"; name = fmdb.xcodeproj; path = cpm/external/fmdb/fmdb.xcodeproj; sourceTree = SOURCE_ROOT; };
		FAE351251ABE7BC100A8365B /* CPDefines.h */ = {isa = PBXFileReference; fileEncoding = 4; lastKnownFileType = sourcecode.c.h; name = CPDefines.h; path = cpm/CPDefines.h; sourceTree = "<group>"; };
/* End PBXFileReference section */

/* Begin PBXFrameworksBuildPhase section */
		FAE04B591AA56A870033DEEA /* Frameworks */ = {
			isa = PBXFrameworksBuildPhase;
			buildActionMask = 2147483647;
			files = (
				FAE350AC1ABD9BC400A8365B /* libcpm.dylib in Frameworks */,
			);
			runOnlyForDeploymentPostprocessing = 0;
		};
		FAE350821ABD9B6D00A8365B /* Frameworks */ = {
			isa = PBXFrameworksBuildPhase;
			buildActionMask = 2147483647;
			files = (
				FAE350A41ABD9B8A00A8365B /* libarchive.3.a in Frameworks */,
				FAE350A21ABD9B8600A8365B /* libbz2.dylib in Frameworks */,
				CF80DF041B0A247900725929 /* libFMDB.a in Frameworks */,
				FAE350A31ABD9B8800A8365B /* libiconv.dylib in Frameworks */,
				FAE350A01ABD9B8300A8365B /* liblzma.dylib in Frameworks */,
				FAE350A51ABD9B8C00A8365B /* libsqlite3.dylib in Frameworks */,
				FAE350A11ABD9B8500A8365B /* libz.dylib in Frameworks */,
			);
			runOnlyForDeploymentPostprocessing = 0;
		};
/* End PBXFrameworksBuildPhase section */

/* Begin PBXGroup section */
		CF79F6191B022CE900887121 /* dpkg */ = {
			isa = PBXGroup;
			children = (
				CF79F61A1B022D3E00887121 /* CPMDpkgPackageManager.h */,
				CF79F61B1B022D3E00887121 /* CPMDpkgPackageManager.m */,
				CFE87DF51AF7C2AE00DAE13F /* Repository Aggregate */,
			);
			name = dpkg;
			sourceTree = "<group>";
		};
		CF79F6221B022F5400887121 /* Homebrew */ = {
			isa = PBXGroup;
			children = (
				CF79F61E1B022F5100887121 /* CPMHomebrewPackageManager.h */,
				CF79F61F1B022F5100887121 /* CPMHomebrewPackageManager.m */,
			);
			name = Homebrew;
			sourceTree = "<group>";
		};
		CF80DEED1B0A234900725929 /* Products */ = {
			isa = PBXGroup;
			children = (
				CF80DEF41B0A234900725929 /* fmdb */,
				CF80DEF61B0A234900725929 /* libFMDB.a */,
				CF80DEF81B0A234900725929 /* Tests.xctest */,
				CF80DEFA1B0A234900725929 /* libFMDB-IOS.a */,
			);
			name = Products;
			sourceTree = "<group>";
		};
		CFE87DEA1AF7BEA600DAE13F /* Frameworks */ = {
			isa = PBXGroup;
			children = (
				FAE351121ABE7A2600A8365B /* fmdb.xcodeproj */,
				FAE04B941AA8B9240033DEEA /* liblzma.dylib */,
				FAE04B921AA8B91A0033DEEA /* libz.dylib */,
				FAE04B901AA8B90F0033DEEA /* libbz2.dylib */,
				FAE04B8E1AA8B74D0033DEEA /* libiconv.dylib */,
				FAE04B8B1AA8B2850033DEEA /* libarchive.3.a */,
				FAE04B841AA632660033DEEA /* libsqlite3.dylib */,
			);
			name = Frameworks;
			sourceTree = "<group>";
		};
		CFE87DEE1AF7BEB700DAE13F /* Global */ = {
			isa = PBXGroup;
			children = (
				FAE351251ABE7BC100A8365B /* CPDefines.h */,
			);
			name = Global;
			sourceTree = "<group>";
		};
		CFE87DF41AF7C2A800DAE13F /* Curler */ = {
			isa = PBXGroup;
			children = (
				FAE350FE1ABE7A1B00A8365B /* CPMCurler.h */,
				FAE350FF1ABE7A1B00A8365B /* CPMCurler.m */,
			);
			name = Curler;
			sourceTree = "<group>";
		};
		CFE87DF51AF7C2AE00DAE13F /* Repository Aggregate */ = {
			isa = PBXGroup;
			children = (
				FAE351001ABE7A1B00A8365B /* CPMDpkgRepositoryAggregate.h */,
				FAE351011ABE7A1B00A8365B /* CPMDpkgRepositoryAggregate.m */,
			);
			name = "Repository Aggregate";
			sourceTree = "<group>";
		};
		CFE87DF61AF7C2B500DAE13F /* APT Repository */ = {
			isa = PBXGroup;
			children = (
				FAE351021ABE7A1B00A8365B /* CPMRepository.h */,
				FAE351031ABE7A1B00A8365B /* CPMRepository.m */,
			);
			name = "APT Repository";
			sourceTree = "<group>";
		};
		CFE87DF71AF7C2BD00DAE13F /* Package Manager */ = {
			isa = PBXGroup;
			children = (
				CFE87DEF1AF7C12A00DAE13F /* CPMPackageManager.h */,
				CF79F6191B022CE900887121 /* dpkg */,
				CF79F6221B022F5400887121 /* Homebrew */,
			);
			name = "Package Manager";
			sourceTree = "<group>";
		};
		CFE87DF81AF7C2C600DAE13F /* Model */ = {
			isa = PBXGroup;
			children = (
				CFE87DF91AF7C2CE00DAE13F /* Package */,
				CFE87DF71AF7C2BD00DAE13F /* Package Manager */,
				CFE87DF61AF7C2B500DAE13F /* APT Repository */,
			);
			name = Model;
			sourceTree = "<group>";
		};
		CFE87DF91AF7C2CE00DAE13F /* Package */ = {
			isa = PBXGroup;
			children = (
				CFE87DF01AF7C29400DAE13F /* CPMPackage.h */,
			);
			name = Package;
			sourceTree = "<group>";
		};
		FAE04B531AA56A870033DEEA = {
			isa = PBXGroup;
			children = (
				CFE87DEE1AF7BEB700DAE13F /* Global */,
				FAE04B5E1AA56A870033DEEA /* cpm */,
				FAE350861ABD9B6D00A8365B /* libcpm */,
				CFE87DEA1AF7BEA600DAE13F /* Frameworks */,
				FAE04B5D1AA56A870033DEEA /* Products */,
			);
			sourceTree = "<group>";
		};
		FAE04B5D1AA56A870033DEEA /* Products */ = {
			isa = PBXGroup;
			children = (
				FAE04B5C1AA56A870033DEEA /* cpm */,
				FAE350851ABD9B6D00A8365B /* libcpm.dylib */,
			);
			name = Products;
			sourceTree = "<group>";
		};
		FAE04B5E1AA56A870033DEEA /* cpm */ = {
			isa = PBXGroup;
			children = (
				FAE350FC1ABE795E00A8365B /* main.m */,
			);
			path = cpm;
			sourceTree = "<group>";
		};
		FAE350861ABD9B6D00A8365B /* libcpm */ = {
			isa = PBXGroup;
			children = (
				CFE87DF41AF7C2A800DAE13F /* Curler */,
				CFE87DF81AF7C2C600DAE13F /* Model */,
				FAE351041ABE7A1B00A8365B /* decompress.h */,
				FAE351051ABE7A1B00A8365B /* decompress.m */,
				FAE351061ABE7A1B00A8365B /* dictionarize.h */,
				FAE351071ABE7A1B00A8365B /* dictionarize.m */,
			);
			path = libcpm;
			sourceTree = "<group>";
		};
/* End PBXGroup section */

/* Begin PBXHeadersBuildPhase section */
		FAE350831ABD9B6D00A8365B /* Headers */ = {
			isa = PBXHeadersBuildPhase;
			buildActionMask = 2147483647;
			files = (
				CF80DF051B0A2B9000725929 /* CPMPackageManager.h in Headers */,
				CF79F6201B022F5100887121 /* CPMHomebrewPackageManager.h in Headers */,
				FAE3510C1ABE7A1B00A8365B /* CPMRepository.h in Headers */,
				CFE87DF21AF7C29400DAE13F /* CPMPackage.h in Headers */,
				FAE351261ABE7BC100A8365B /* CPDefines.h in Headers */,
				CF79F61C1B022D3E00887121 /* CPMDpkgPackageManager.h in Headers */,
				FAE351081ABE7A1B00A8365B /* CPMCurler.h in Headers */,
				FAE3510A1ABE7A1B00A8365B /* CPMDpkgRepositoryAggregate.h in Headers */,
				FAE351101ABE7A1B00A8365B /* dictionarize.h in Headers */,
				FAE3510E1ABE7A1B00A8365B /* decompress.h in Headers */,
			);
			runOnlyForDeploymentPostprocessing = 0;
		};
/* End PBXHeadersBuildPhase section */

/* Begin PBXNativeTarget section */
		FAE04B5B1AA56A870033DEEA /* cpm */ = {
			isa = PBXNativeTarget;
			buildConfigurationList = FAE04B631AA56A870033DEEA /* Build configuration list for PBXNativeTarget "cpm" */;
			buildPhases = (
				FAE04B581AA56A870033DEEA /* Sources */,
				FAE04B591AA56A870033DEEA /* Frameworks */,
				FAE04B5A1AA56A870033DEEA /* CopyFiles */,
			);
			buildRules = (
			);
			dependencies = (
				FAE350AE1ABD9C2200A8365B /* PBXTargetDependency */,
			);
			name = cpm;
			productName = cpm;
			productReference = FAE04B5C1AA56A870033DEEA /* cpm */;
			productType = "com.apple.product-type.tool";
		};
		FAE350841ABD9B6D00A8365B /* libcpm */ = {
			isa = PBXNativeTarget;
			buildConfigurationList = FAE3509E1ABD9B6D00A8365B /* Build configuration list for PBXNativeTarget "libcpm" */;
			buildPhases = (
				FAE350811ABD9B6D00A8365B /* Sources */,
				FAE350821ABD9B6D00A8365B /* Frameworks */,
				FAE350831ABD9B6D00A8365B /* Headers */,
			);
			buildRules = (
			);
			dependencies = (
				FAE351231ABE7A3400A8365B /* PBXTargetDependency */,
			);
			name = libcpm;
			productName = libcpm;
			productReference = FAE350851ABD9B6D00A8365B /* libcpm.dylib */;
			productType = "com.apple.product-type.library.dynamic";
		};
/* End PBXNativeTarget section */

/* Begin PBXProject section */
		FAE04B541AA56A870033DEEA /* Project object */ = {
			isa = PBXProject;
			attributes = {
				LastUpgradeCheck = 0630;
				ORGANIZATIONNAME = "Chariz Team";
				TargetAttributes = {
					FAE04B5B1AA56A870033DEEA = {
						CreatedOnToolsVersion = 6.1.1;
					};
					FAE350841ABD9B6D00A8365B = {
						CreatedOnToolsVersion = 6.1.1;
					};
				};
			};
			buildConfigurationList = FAE04B571AA56A870033DEEA /* Build configuration list for PBXProject "cpm" */;
			compatibilityVersion = "Xcode 3.2";
			developmentRegion = English;
			hasScannedForEncodings = 0;
			knownRegions = (
				en,
			);
			mainGroup = FAE04B531AA56A870033DEEA;
			productRefGroup = FAE04B5D1AA56A870033DEEA /* Products */;
			projectDirPath = "";
			projectReferences = (
				{
					ProductGroup = CF80DEED1B0A234900725929 /* Products */;
					ProjectRef = FAE351121ABE7A2600A8365B /* fmdb.xcodeproj */;
				},
			);
			projectRoot = "";
			targets = (
				FAE04B5B1AA56A870033DEEA /* cpm */,
				FAE350841ABD9B6D00A8365B /* libcpm */,
			);
		};
/* End PBXProject section */

/* Begin PBXReferenceProxy section */
		CF80DEF41B0A234900725929 /* fmdb */ = {
			isa = PBXReferenceProxy;
			fileType = "compiled.mach-o.executable";
			path = fmdb;
			remoteRef = CF80DEF31B0A234900725929 /* PBXContainerItemProxy */;
			sourceTree = BUILT_PRODUCTS_DIR;
		};
		CF80DEF61B0A234900725929 /* libFMDB.a */ = {
			isa = PBXReferenceProxy;
			fileType = archive.ar;
			path = libFMDB.a;
			remoteRef = CF80DEF51B0A234900725929 /* PBXContainerItemProxy */;
			sourceTree = BUILT_PRODUCTS_DIR;
		};
		CF80DEF81B0A234900725929 /* Tests.xctest */ = {
			isa = PBXReferenceProxy;
			fileType = wrapper.cfbundle;
			path = Tests.xctest;
			remoteRef = CF80DEF71B0A234900725929 /* PBXContainerItemProxy */;
			sourceTree = BUILT_PRODUCTS_DIR;
		};
		CF80DEFA1B0A234900725929 /* libFMDB-IOS.a */ = {
			isa = PBXReferenceProxy;
			fileType = archive.ar;
			path = "libFMDB-IOS.a";
			remoteRef = CF80DEF91B0A234900725929 /* PBXContainerItemProxy */;
			sourceTree = BUILT_PRODUCTS_DIR;
		};
/* End PBXReferenceProxy section */

/* Begin PBXSourcesBuildPhase section */
		FAE04B581AA56A870033DEEA /* Sources */ = {
			isa = PBXSourcesBuildPhase;
			buildActionMask = 2147483647;
			files = (
				FAE350FD1ABE795E00A8365B /* main.m in Sources */,
			);
			runOnlyForDeploymentPostprocessing = 0;
		};
		FAE350811ABD9B6D00A8365B /* Sources */ = {
			isa = PBXSourcesBuildPhase;
			buildActionMask = 2147483647;
			files = (
				FAE3510F1ABE7A1B00A8365B /* decompress.m in Sources */,
				CF79F61D1B022D3E00887121 /* CPMDpkgPackageManager.m in Sources */,
				FAE3510B1ABE7A1B00A8365B /* CPMDpkgRepositoryAggregate.m in Sources */,
				FAE3510D1ABE7A1B00A8365B /* CPMRepository.m in Sources */,
				FAE351111ABE7A1B00A8365B /* dictionarize.m in Sources */,
				CF79F6211B022F5100887121 /* CPMHomebrewPackageManager.m in Sources */,
				FAE351091ABE7A1B00A8365B /* CPMCurler.m in Sources */,
			);
			runOnlyForDeploymentPostprocessing = 0;
		};
/* End PBXSourcesBuildPhase section */

/* Begin PBXTargetDependency section */
		FAE350AE1ABD9C2200A8365B /* PBXTargetDependency */ = {
			isa = PBXTargetDependency;
			target = FAE350841ABD9B6D00A8365B /* libcpm */;
			targetProxy = FAE350AD1ABD9C2200A8365B /* PBXContainerItemProxy */;
		};
		FAE351231ABE7A3400A8365B /* PBXTargetDependency */ = {
			isa = PBXTargetDependency;
			name = FMDB;
		};
/* End PBXTargetDependency section */

/* Begin XCBuildConfiguration section */
		FAE04B611AA56A870033DEEA /* Debug */ = {
			isa = XCBuildConfiguration;
			buildSettings = {
				ALWAYS_SEARCH_USER_PATHS = NO;
				CLANG_CXX_LANGUAGE_STANDARD = "gnu++0x";
				CLANG_CXX_LIBRARY = "libc++";
				CLANG_ENABLE_MODULES = YES;
				CLANG_ENABLE_OBJC_ARC = YES;
				CLANG_WARN_BOOL_CONVERSION = YES;
				CLANG_WARN_CONSTANT_CONVERSION = YES;
				CLANG_WARN_DIRECT_OBJC_ISA_USAGE = YES_ERROR;
				CLANG_WARN_EMPTY_BODY = YES;
				CLANG_WARN_ENUM_CONVERSION = YES;
				CLANG_WARN_INT_CONVERSION = YES;
				CLANG_WARN_OBJC_ROOT_CLASS = YES_ERROR;
				CLANG_WARN_UNREACHABLE_CODE = YES;
				CLANG_WARN__DUPLICATE_METHOD_MATCH = YES;
				COPY_PHASE_STRIP = NO;
				ENABLE_STRICT_OBJC_MSGSEND = YES;
				GCC_C_LANGUAGE_STANDARD = gnu99;
				GCC_DYNAMIC_NO_PIC = NO;
				GCC_OPTIMIZATION_LEVEL = 0;
				GCC_PREPROCESSOR_DEFINITIONS = (
					"DEBUG=1",
					"$(inherited)",
				);
				GCC_SYMBOLS_PRIVATE_EXTERN = NO;
				GCC_WARN_64_TO_32_BIT_CONVERSION = YES;
				GCC_WARN_ABOUT_RETURN_TYPE = YES_ERROR;
				GCC_WARN_UNDECLARED_SELECTOR = YES;
				GCC_WARN_UNINITIALIZED_AUTOS = YES_AGGRESSIVE;
				GCC_WARN_UNUSED_FUNCTION = YES;
				GCC_WARN_UNUSED_VARIABLE = YES;
				MACOSX_DEPLOYMENT_TARGET = 10.10;
				MTL_ENABLE_DEBUG_INFO = YES;
				ONLY_ACTIVE_ARCH = YES;
				SDKROOT = macosx;
			};
			name = Debug;
		};
		FAE04B621AA56A870033DEEA /* Release */ = {
			isa = XCBuildConfiguration;
			buildSettings = {
				ALWAYS_SEARCH_USER_PATHS = NO;
				CLANG_CXX_LANGUAGE_STANDARD = "gnu++0x";
				CLANG_CXX_LIBRARY = "libc++";
				CLANG_ENABLE_MODULES = YES;
				CLANG_ENABLE_OBJC_ARC = YES;
				CLANG_WARN_BOOL_CONVERSION = YES;
				CLANG_WARN_CONSTANT_CONVERSION = YES;
				CLANG_WARN_DIRECT_OBJC_ISA_USAGE = YES_ERROR;
				CLANG_WARN_EMPTY_BODY = YES;
				CLANG_WARN_ENUM_CONVERSION = YES;
				CLANG_WARN_INT_CONVERSION = YES;
				CLANG_WARN_OBJC_ROOT_CLASS = YES_ERROR;
				CLANG_WARN_UNREACHABLE_CODE = YES;
				CLANG_WARN__DUPLICATE_METHOD_MATCH = YES;
				COPY_PHASE_STRIP = YES;
				DEBUG_INFORMATION_FORMAT = "dwarf-with-dsym";
				ENABLE_NS_ASSERTIONS = NO;
				ENABLE_STRICT_OBJC_MSGSEND = YES;
				GCC_C_LANGUAGE_STANDARD = gnu99;
				GCC_WARN_64_TO_32_BIT_CONVERSION = YES;
				GCC_WARN_ABOUT_RETURN_TYPE = YES_ERROR;
				GCC_WARN_UNDECLARED_SELECTOR = YES;
				GCC_WARN_UNINITIALIZED_AUTOS = YES_AGGRESSIVE;
				GCC_WARN_UNUSED_FUNCTION = YES;
				GCC_WARN_UNUSED_VARIABLE = YES;
				MACOSX_DEPLOYMENT_TARGET = 10.10;
				MTL_ENABLE_DEBUG_INFO = NO;
				SDKROOT = macosx;
			};
			name = Release;
		};
		FAE04B641AA56A870033DEEA /* Debug */ = {
			isa = XCBuildConfiguration;
			buildSettings = {
				ALWAYS_SEARCH_USER_PATHS = YES;
				HEADER_SEARCH_PATHS = (
					"$(inherited)",
					/Applications/Xcode.app/Contents/Developer/Toolchains/XcodeDefault.xctoolchain/usr/include,
					"$(SRCROOT)/cpm/external/fmdb/src/fmdb",
					"$(SRCROOT)/cpm/external/libarchive/include",
					"$(SRCROOT)/cpm/src",
				);
				LIBRARY_SEARCH_PATHS = (
					"$(inherited)",
					"$(PROJECT_DIR)/cpm/external/libarchive",
				);
				PRODUCT_NAME = "$(TARGET_NAME)";
			};
			name = Debug;
		};
		FAE04B651AA56A870033DEEA /* Release */ = {
			isa = XCBuildConfiguration;
			buildSettings = {
				ALWAYS_SEARCH_USER_PATHS = YES;
				HEADER_SEARCH_PATHS = (
					"$(inherited)",
					/Applications/Xcode.app/Contents/Developer/Toolchains/XcodeDefault.xctoolchain/usr/include,
					"$(SRCROOT)/cpm/external/fmdb/src/fmdb",
					"$(SRCROOT)/cpm/external/libarchive/include",
					"$(SRCROOT)/cpm/src",
				);
				LIBRARY_SEARCH_PATHS = (
					"$(inherited)",
					"$(PROJECT_DIR)/cpm/external/libarchive",
				);
				PRODUCT_NAME = "$(TARGET_NAME)";
			};
			name = Release;
		};
		FAE350961ABD9B6D00A8365B /* Debug */ = {
			isa = XCBuildConfiguration;
			buildSettings = {
				ALWAYS_SEARCH_USER_PATHS = YES;
				COMBINE_HIDPI_IMAGES = YES;
				DYLIB_COMPATIBILITY_VERSION = 1;
				DYLIB_CURRENT_VERSION = 1;
				EXECUTABLE_PREFIX = "";
				GCC_PREPROCESSOR_DEFINITIONS = (
					"DEBUG=1",
					"$(inherited)",
				);
				HEADER_SEARCH_PATHS = (
					"$(inherited)",
					/Applications/Xcode.app/Contents/Developer/Toolchains/XcodeDefault.xctoolchain/usr/include,
					"$(SRCROOT)/cpm/external/fmdb/src/fmdb",
					"$(SRCROOT)/cpm/external/libarchive/include",
					"$(SRCROOT)/cpm/src",
				);
				LIBRARY_SEARCH_PATHS = (
					"$(inherited)",
					"$(PROJECT_DIR)/cpm/external/libarchive",
				);
				PRODUCT_NAME = "$(TARGET_NAME)";
			};
			name = Debug;
		};
		FAE350971ABD9B6D00A8365B /* Release */ = {
			isa = XCBuildConfiguration;
			buildSettings = {
				ALWAYS_SEARCH_USER_PATHS = YES;
				COMBINE_HIDPI_IMAGES = YES;
				DYLIB_COMPATIBILITY_VERSION = 1;
				DYLIB_CURRENT_VERSION = 1;
				EXECUTABLE_PREFIX = "";
				HEADER_SEARCH_PATHS = (
					"$(inherited)",
					/Applications/Xcode.app/Contents/Developer/Toolchains/XcodeDefault.xctoolchain/usr/include,
					"$(SRCROOT)/cpm/external/fmdb/src/fmdb",
					"$(SRCROOT)/cpm/external/libarchive/include",
					"$(SRCROOT)/cpm/src",
				);
				LIBRARY_SEARCH_PATHS = (
					"$(inherited)",
					"$(PROJECT_DIR)/cpm/external/libarchive",
				);
				PRODUCT_NAME = "$(TARGET_NAME)";
			};
			name = Release;
		};
/* End XCBuildConfiguration section */

/* Begin XCConfigurationList section */
		FAE04B571AA56A870033DEEA /* Build configuration list for PBXProject "cpm" */ = {
			isa = XCConfigurationList;
			buildConfigurations = (
				FAE04B611AA56A870033DEEA /* Debug */,
				FAE04B621AA56A870033DEEA /* Release */,
			);
			defaultConfigurationIsVisible = 0;
			defaultConfigurationName = Release;
		};
		FAE04B631AA56A870033DEEA /* Build configuration list for PBXNativeTarget "cpm" */ = {
			isa = XCConfigurationList;
			buildConfigurations = (
				FAE04B641AA56A870033DEEA /* Debug */,
				FAE04B651AA56A870033DEEA /* Release */,
			);
			defaultConfigurationIsVisible = 0;
			defaultConfigurationName = Release;
		};
		FAE3509E1ABD9B6D00A8365B /* Build configuration list for PBXNativeTarget "libcpm" */ = {
			isa = XCConfigurationList;
			buildConfigurations = (
				FAE350961ABD9B6D00A8365B /* Debug */,
				FAE350971ABD9B6D00A8365B /* Release */,
			);
			defaultConfigurationIsVisible = 0;
			defaultConfigurationName = Release;
		};
/* End XCConfigurationList section */
	};
	rootObject = FAE04B541AA56A870033DEEA /* Project object */;
}
